
Microsoft Visual Studio Solution File, Format Version 12.00
# Visual Studio Version 16
VisualStudioVersion = 16.0.29709.97
MinimumVisualStudioVersion = 10.0.40219.1
Project("{FAE04EC0-301F-11D3-BF4B-00C04F79EFBC}") = "Hierarchy_2", "Hierarchy_2\Hierarchy_2.csproj", "{9437A599-119F-4AB2-93F9-D3E6ACB3906B}"
EndProject
Global
	GlobalSection(SolutionConfigurationPlatforms) = preSolution
		Debug|Any CPU = Debug|Any CPU
		Release|Any CPU = Release|Any CPU
	EndGlobalSection
	GlobalSection(ProjectConfigurationPlatforms) = postSolution
		{9437A599-119F-4AB2-93F9-D3E6ACB3906B}.Debug|Any CPU.ActiveCfg = Debug|Any CPU
		{9437A599-119F-4AB2-93F9-D3E6ACB3906B}.Debug|Any CPU.Build.0 = Debug|Any CPU
		{9437A599-119F-4AB2-93F9-D3E6ACB3906B}.Release|Any CPU.ActiveCfg = Release|Any CPU
		{9437A599-119F-4AB2-93F9-D3E6ACB3906B}.Release|Any CPU.Build.0 = Release|Any CPU
	EndGlobalSection
	GlobalSection(SolutionProperties) = preSolution
		HideSolutionNode = FALSE
	EndGlobalSection
	GlobalSection(ExtensibilityGlobals) = postSolution
		SolutionGuid = {446EE82C-D4D3-46B4-8162-5DCE62DFC718}
	EndGlobalSection
EndGlobal
